// !$*UTF8*$!
{
	archiveVersion = 1;
	classes = {
	};
	objectVersion = 46;
	objects = {

/* Begin PBXBuildFile section */
		448506751D065DE4006F5530 /* main.m in Sources */ = {isa = PBXBuildFile; fileRef = 448506741D065DE4006F5530 /* main.m */; };
		448506781D065DE4006F5530 /* AppDelegate.m in Sources */ = {isa = PBXBuildFile; fileRef = 448506771D065DE4006F5530 /* AppDelegate.m */; };
		4485067B1D065DE4006F5530 /* ViewController.m in Sources */ = {isa = PBXBuildFile; fileRef = 4485067A1D065DE4006F5530 /* ViewController.m */; };
		4485067E1D065DE4006F5530 /* Main.storyboard in Resources */ = {isa = PBXBuildFile; fileRef = 4485067C1D065DE4006F5530 /* Main.storyboard */; };
		448506811D065DE4006F5530 /* QRCode.xcdatamodeld in Sources */ = {isa = PBXBuildFile; fileRef = 4485067F1D065DE4006F5530 /* QRCode.xcdatamodeld */; };
		448506831D065DE4006F5530 /* Assets.xcassets in Resources */ = {isa = PBXBuildFile; fileRef = 448506821D065DE4006F5530 /* Assets.xcassets */; };
		448506861D065DE4006F5530 /* LaunchScreen.storyboard in Resources */ = {isa = PBXBuildFile; fileRef = 448506841D065DE4006F5530 /* LaunchScreen.storyboard */; };
		448506911D065DE4006F5530 /* QRCodeTests.m in Sources */ = {isa = PBXBuildFile; fileRef = 448506901D065DE4006F5530 /* QRCodeTests.m */; };
		4485069C1D065DE4006F5530 /* QRCodeUITests.m in Sources */ = {isa = PBXBuildFile; fileRef = 4485069B1D065DE4006F5530 /* QRCodeUITests.m */; };
/* End PBXBuildFile section */

/* Begin PBXContainerItemProxy section */
		4485068D1D065DE4006F5530 /* PBXContainerItemProxy */ = {
			isa = PBXContainerItemProxy;
			containerPortal = 448506681D065DE4006F5530 /* Project object */;
			proxyType = 1;
			remoteGlobalIDString = 4485066F1D065DE4006F5530;
			remoteInfo = QRCode;
		};
		448506981D065DE4006F5530 /* PBXContainerItemProxy */ = {
			isa = PBXContainerItemProxy;
			containerPortal = 448506681D065DE4006F5530 /* Project object */;
			proxyType = 1;
			remoteGlobalIDString = 4485066F1D065DE4006F5530;
			remoteInfo = QRCode;
		};
/* End PBXContainerItemProxy section */

/* Begin PBXFileReference section */
		448506701D065DE4006F5530 /* QRCode.app */ = {isa = PBXFileReference; explicitFileType = wrapper.application; includeInIndex = 0; path = QRCode.app; sourceTree = BUILT_PRODUCTS_DIR; };
		448506741D065DE4006F5530 /* main.m */ = {isa = PBXFileReference; lastKnownFileType = sourcecode.c.objc; path = main.m; sourceTree = "<group>"; };
		448506761D065DE4006F5530 /* AppDelegate.h */ = {isa = PBXFileReference; lastKnownFileType = sourcecode.c.h; path = AppDelegate.h; sourceTree = "<group>"; };
		448506771D065DE4006F5530 /* AppDelegate.m */ = {isa = PBXFileReference; lastKnownFileType = sourcecode.c.objc; path = AppDelegate.m; sourceTree = "<group>"; };
		448506791D065DE4006F5530 /* ViewController.h */ = {isa = PBXFileReference; lastKnownFileType = sourcecode.c.h; path = ViewController.h; sourceTree = "<group>"; };
		4485067A1D065DE4006F5530 /* ViewController.m */ = {isa = PBXFileReference; lastKnownFileType = sourcecode.c.objc; path = ViewController.m; sourceTree = "<group>"; };
		4485067D1D065DE4006F5530 /* Base */ = {isa = PBXFileReference; lastKnownFileType = file.storyboard; name = Base; path = Base.lproj/Main.storyboard; sourceTree = "<group>"; };
		448506801D065DE4006F5530 /* QRCode.xcdatamodel */ = {isa = PBXFileReference; lastKnownFileType = wrapper.xcdatamodel; path = QRCode.xcdatamodel; sourceTree = "<group>"; };
		448506821D065DE4006F5530 /* Assets.xcassets */ = {isa = PBXFileReference; lastKnownFileType = folder.assetcatalog; path = Assets.xcassets; sourceTree = "<group>"; };
		448506851D065DE4006F5530 /* Base */ = {isa = PBXFileReference; lastKnownFileType = file.storyboard; name = Base; path = Base.lproj/LaunchScreen.storyboard; sourceTree = "<group>"; };
		448506871D065DE4006F5530 /* Info.plist */ = {isa = PBXFileReference; lastKnownFileType = text.plist.xml; path = Info.plist; sourceTree = "<group>"; };
		4485068C1D065DE4006F5530 /* QRCodeTests.xctest */ = {isa = PBXFileReference; explicitFileType = wrapper.cfbundle; includeInIndex = 0; path = QRCodeTests.xctest; sourceTree = BUILT_PRODUCTS_DIR; };
		448506901D065DE4006F5530 /* QRCodeTests.m */ = {isa = PBXFileReference; lastKnownFileType = sourcecode.c.objc; path = QRCodeTests.m; sourceTree = "<group>"; };
		448506921D065DE4006F5530 /* Info.plist */ = {isa = PBXFileReference; lastKnownFileType = text.plist.xml; path = Info.plist; sourceTree = "<group>"; };
		448506971D065DE4006F5530 /* QRCodeUITests.xctest */ = {isa = PBXFileReference; explicitFileType = wrapper.cfbundle; includeInIndex = 0; path = QRCodeUITests.xctest; sourceTree = BUILT_PRODUCTS_DIR; };
		4485069B1D065DE4006F5530 /* QRCodeUITests.m */ = {isa = PBXFileReference; lastKnownFileType = sourcecode.c.objc; path = QRCodeUITests.m; sourceTree = "<group>"; };
		4485069D1D065DE4006F5530 /* Info.plist */ = {isa = PBXFileReference; lastKnownFileType = text.plist.xml; path = Info.plist; sourceTree = "<group>"; };
/* End PBXFileReference section */

/* Begin PBXFrameworksBuildPhase section */
		4485066D1D065DE4006F5530 /* Frameworks */ = {
			isa = PBXFrameworksBuildPhase;
			buildActionMask = 2147483647;
			files = (
			);
			runOnlyForDeploymentPostprocessing = 0;
		};
		448506891D065DE4006F5530 /* Frameworks */ = {
			isa = PBXFrameworksBuildPhase;
			buildActionMask = 2147483647;
			files = (
			);
			runOnlyForDeploymentPostprocessing = 0;
		};
		448506941D065DE4006F5530 /* Frameworks */ = {
			isa = PBXFrameworksBuildPhase;
			buildActionMask = 2147483647;
			files = (
			);
			runOnlyForDeploymentPostprocessing = 0;
		};
/* End PBXFrameworksBuildPhase section */

/* Begin PBXGroup section */
		448506671D065DE4006F5530 = {
			isa = PBXGroup;
			children = (
				448506721D065DE4006F5530 /* QRCode */,
				4485068F1D065DE4006F5530 /* QRCodeTests */,
				4485069A1D065DE4006F5530 /* QRCodeUITests */,
				448506711D065DE4006F5530 /* Products */,
			);
			sourceTree = "<group>";
		};
		448506711D065DE4006F5530 /* Products */ = {
			isa = PBXGroup;
			children = (
				448506701D065DE4006F5530 /* QRCode.app */,
				4485068C1D065DE4006F5530 /* QRCodeTests.xctest */,
				448506971D065DE4006F5530 /* QRCodeUITests.xctest */,
			);
			name = Products;
			sourceTree = "<group>";
		};
		448506721D065DE4006F5530 /* QRCode */ = {
			isa = PBXGroup;
			children = (
				448506761D065DE4006F5530 /* AppDelegate.h */,
				448506771D065DE4006F5530 /* AppDelegate.m */,
				448506791D065DE4006F5530 /* ViewController.h */,
				4485067A1D065DE4006F5530 /* ViewController.m */,
				4485067C1D065DE4006F5530 /* Main.storyboard */,
				448506821D065DE4006F5530 /* Assets.xcassets */,
				448506841D065DE4006F5530 /* LaunchScreen.storyboard */,
				448506871D065DE4006F5530 /* Info.plist */,
				4485067F1D065DE4006F5530 /* QRCode.xcdatamodeld */,
				448506731D065DE4006F5530 /* Supporting Files */,
			);
			path = QRCode;
			sourceTree = "<group>";
		};
		448506731D065DE4006F5530 /* Supporting Files */ = {
			isa = PBXGroup;
			children = (
				448506741D065DE4006F5530 /* main.m */,
			);
			name = "Supporting Files";
			sourceTree = "<group>";
		};
		4485068F1D065DE4006F5530 /* QRCodeTests */ = {
			isa = PBXGroup;
			children = (
				448506901D065DE4006F5530 /* QRCodeTests.m */,
				448506921D065DE4006F5530 /* Info.plist */,
			);
			path = QRCodeTests;
			sourceTree = "<group>";
		};
		4485069A1D065DE4006F5530 /* QRCodeUITests */ = {
			isa = PBXGroup;
			children = (
				4485069B1D065DE4006F5530 /* QRCodeUITests.m */,
				4485069D1D065DE4006F5530 /* Info.plist */,
			);
			path = QRCodeUITests;
			sourceTree = "<group>";
		};
/* End PBXGroup section */

/* Begin PBXNativeTarget section */
		4485066F1D065DE4006F5530 /* QRCode */ = {
			isa = PBXNativeTarget;
			buildConfigurationList = 448506A01D065DE4006F5530 /* Build configuration list for PBXNativeTarget "QRCode" */;
			buildPhases = (
				4485066C1D065DE4006F5530 /* Sources */,
				4485066D1D065DE4006F5530 /* Frameworks */,
				4485066E1D065DE4006F5530 /* Resources */,
			);
			buildRules = (
			);
			dependencies = (
			);
			name = QRCode;
			productName = QRCode;
			productReference = 448506701D065DE4006F5530 /* QRCode.app */;
			productType = "com.apple.product-type.application";
		};
		4485068B1D065DE4006F5530 /* QRCodeTests */ = {
			isa = PBXNativeTarget;
			buildConfigurationList = 448506A31D065DE4006F5530 /* Build configuration list for PBXNativeTarget "QRCodeTests" */;
			buildPhases = (
				448506881D065DE4006F5530 /* Sources */,
				448506891D065DE4006F5530 /* Frameworks */,
				4485068A1D065DE4006F5530 /* Resources */,
			);
			buildRules = (
			);
			dependencies = (
				4485068E1D065DE4006F5530 /* PBXTargetDependency */,
			);
			name = QRCodeTests;
			productName = QRCodeTests;
			productReference = 4485068C1D065DE4006F5530 /* QRCodeTests.xctest */;
			productType = "com.apple.product-type.bundle.unit-test";
		};
		448506961D065DE4006F5530 /* QRCodeUITests */ = {
			isa = PBXNativeTarget;
			buildConfigurationList = 448506A61D065DE4006F5530 /* Build configuration list for PBXNativeTarget "QRCodeUITests" */;
			buildPhases = (
				448506931D065DE4006F5530 /* Sources */,
				448506941D065DE4006F5530 /* Frameworks */,
				448506951D065DE4006F5530 /* Resources */,
			);
			buildRules = (
			);
			dependencies = (
				448506991D065DE4006F5530 /* PBXTargetDependency */,
			);
			name = QRCodeUITests;
			productName = QRCodeUITests;
			productReference = 448506971D065DE4006F5530 /* QRCodeUITests.xctest */;
			productType = "com.apple.product-type.bundle.ui-testing";
		};
/* End PBXNativeTarget section */

/* Begin PBXProject section */
		448506681D065DE4006F5530 /* Project object */ = {
			isa = PBXProject;
			attributes = {
				LastUpgradeCheck = 0730;
				ORGANIZATIONNAME = pingan;
				TargetAttributes = {
					4485066F1D065DE4006F5530 = {
						CreatedOnToolsVersion = 7.3;
					};
					4485068B1D065DE4006F5530 = {
						CreatedOnToolsVersion = 7.3;
						TestTargetID = 4485066F1D065DE4006F5530;
					};
					448506961D065DE4006F5530 = {
						CreatedOnToolsVersion = 7.3;
						TestTargetID = 4485066F1D065DE4006F5530;
					};
				};
			};
			buildConfigurationList = 4485066B1D065DE4006F5530 /* Build configuration list for PBXProject "QRCode" */;
			compatibilityVersion = "Xcode 3.2";
			developmentRegion = English;
			hasScannedForEncodings = 0;
			knownRegions = (
				en,
				Base,
			);
			mainGroup = 448506671D065DE4006F5530;
			productRefGroup = 448506711D065DE4006F5530 /* Products */;
			projectDirPath = "";
			projectRoot = "";
			targets = (
				4485066F1D065DE4006F5530 /* QRCode */,
				4485068B1D065DE4006F5530 /* QRCodeTests */,
				448506961D065DE4006F5530 /* QRCodeUITests */,
			);
		};
/* End PBXProject section */

/* Begin PBXResourcesBuildPhase section */
		4485066E1D065DE4006F5530 /* Resources */ = {
			isa = PBXResourcesBuildPhase;
			buildActionMask = 2147483647;
			files = (
				448506861D065DE4006F5530 /* LaunchScreen.storyboard in Resources */,
				448506831D065DE4006F5530 /* Assets.xcassets in Resources */,
				4485067E1D065DE4006F5530 /* Main.storyboard in Resources */,
			);
			runOnlyForDeploymentPostprocessing = 0;
		};
		4485068A1D065DE4006F5530 /* Resources */ = {
			isa = PBXResourcesBuildPhase;
			buildActionMask = 2147483647;
			files = (
			);
			runOnlyForDeploymentPostprocessing = 0;
		};
		448506951D065DE4006F5530 /* Resources */ = {
			isa = PBXResourcesBuildPhase;
			buildActionMask = 2147483647;
			files = (
			);
			runOnlyForDeploymentPostprocessing = 0;
		};
/* End PBXResourcesBuildPhase section */

/* Begin PBXSourcesBuildPhase section */
		4485066C1D065DE4006F5530 /* Sources */ = {
			isa = PBXSourcesBuildPhase;
			buildActionMask = 2147483647;
			files = (
				4485067B1D065DE4006F5530 /* ViewController.m in Sources */,
				448506811D065DE4006F5530 /* QRCode.xcdatamodeld in Sources */,
				448506781D065DE4006F5530 /* AppDelegate.m in Sources */,
				448506751D065DE4006F5530 /* main.m in Sources */,
			);
			runOnlyForDeploymentPostprocessing = 0;
		};
		448506881D065DE4006F5530 /* Sources */ = {
			isa = PBXSourcesBuildPhase;
			buildActionMask = 2147483647;
			files = (
				448506911D065DE4006F5530 /* QRCodeTests.m in Sources */,
			);
			runOnlyForDeploymentPostprocessing = 0;
		};
		448506931D065DE4006F5530 /* Sources */ = {
			isa = PBXSourcesBuildPhase;
			buildActionMask = 2147483647;
			files = (
				4485069C1D065DE4006F5530 /* QRCodeUITests.m in Sources */,
			);
			runOnlyForDeploymentPostprocessing = 0;
		};
/* End PBXSourcesBuildPhase section */

/* Begin PBXTargetDependency section */
		4485068E1D065DE4006F5530 /* PBXTargetDependency */ = {
			isa = PBXTargetDependency;
			target = 4485066F1D065DE4006F5530 /* QRCode */;
			targetProxy = 4485068D1D065DE4006F5530 /* PBXContainerItemProxy */;
		};
		448506991D065DE4006F5530 /* PBXTargetDependency */ = {
			isa = PBXTargetDependency;
			target = 4485066F1D065DE4006F5530 /* QRCode */;
			targetProxy = 448506981D065DE4006F5530 /* PBXContainerItemProxy */;
		};
/* End PBXTargetDependency section */

/* Begin PBXVariantGroup section */
		4485067C1D065DE4006F5530 /* Main.storyboard */ = {
			isa = PBXVariantGroup;
			children = (
				4485067D1D065DE4006F5530 /* Base */,
			);
			name = Main.storyboard;
			sourceTree = "<group>";
		};
		448506841D065DE4006F5530 /* LaunchScreen.storyboard */ = {
			isa = PBXVariantGroup;
			children = (
				448506851D065DE4006F5530 /* Base */,
			);
			name = LaunchScreen.storyboard;
			sourceTree = "<group>";
		};
/* End PBXVariantGroup section */

/* Begin XCBuildConfiguration section */
		4485069E1D065DE4006F5530 /* Debug */ = {
			isa = XCBuildConfiguration;
			buildSettings = {
				ALWAYS_SEARCH_USER_PATHS = NO;
				CLANG_ANALYZER_NONNULL = YES;
				CLANG_CXX_LANGUAGE_STANDARD = "gnu++0x";
				CLANG_CXX_LIBRARY = "libc++";
				CLANG_ENABLE_MODULES = YES;
				CLANG_ENABLE_OBJC_ARC = YES;
				CLANG_WARN_BOOL_CONVERSION = YES;
				CLANG_WARN_CONSTANT_CONVERSION = YES;
				CLANG_WARN_DIRECT_OBJC_ISA_USAGE = YES_ERROR;
				CLANG_WARN_EMPTY_BODY = YES;
				CLANG_WARN_ENUM_CONVERSION = YES;
				CLANG_WARN_INT_CONVERSION = YES;
				CLANG_WARN_OBJC_ROOT_CLASS = YES_ERROR;
				CLANG_WARN_UNREACHABLE_CODE = YES;
				CLANG_WARN__DUPLICATE_METHOD_MATCH = YES;
				"CODE_SIGN_IDENTITY[sdk=iphoneos*]" = "iPhone Developer";
				COPY_PHASE_STRIP = NO;
				DEBUG_INFORMATION_FORMAT = dwarf;
				ENABLE_STRICT_OBJC_MSGSEND = YES;
				ENABLE_TESTABILITY = YES;
				GCC_C_LANGUAGE_STANDARD = gnu99;
				GCC_DYNAMIC_NO_PIC = NO;
				GCC_NO_COMMON_BLOCKS = YES;
				GCC_OPTIMIZATION_LEVEL = 0;
				GCC_PREPROCESSOR_DEFINITIONS = (
					"DEBUG=1",
					"$(inherited)",
				);
				GCC_WARN_64_TO_32_BIT_CONVERSION = YES;
				GCC_WARN_ABOUT_RETURN_TYPE = YES_ERROR;
				GCC_WARN_UNDECLARED_SELECTOR = YES;
				GCC_WARN_UNINITIALIZED_AUTOS = YES_AGGRESSIVE;
				GCC_WARN_UNUSED_FUNCTION = YES;
				GCC_WARN_UNUSED_VARIABLE = YES;
				IPHONEOS_DEPLOYMENT_TARGET = 9.3;
				MTL_ENABLE_DEBUG_INFO = YES;
				ONLY_ACTIVE_ARCH = YES;
				SDKROOT = iphoneos;
				TARGETED_DEVICE_FAMILY = "1,2";
			};
			name = Debug;
		};
		4485069F1D065DE4006F5530 /* Release */ = {
			isa = XCBuildConfiguration;
			buildSettings = {
				ALWAYS_SEARCH_USER_PATHS = NO;
				CLANG_ANALYZER_NONNULL = YES;
				CLANG_CXX_LANGUAGE_STANDARD = "gnu++0x";
				CLANG_CXX_LIBRARY = "libc++";
				CLANG_ENABLE_MODULES = YES;
				CLANG_ENABLE_OBJC_ARC = YES;
				CLANG_WARN_BOOL_CONVERSION = YES;
				CLANG_WARN_CONSTANT_CONVERSION = YES;
				CLANG_WARN_DIRECT_OBJC_ISA_USAGE = YES_ERROR;
				CLANG_WARN_EMPTY_BODY = YES;
				CLANG_WARN_ENUM_CONVERSION = YES;
				CLANG_WARN_INT_CONVERSION = YES;
				CLANG_WARN_OBJC_ROOT_CLASS = YES_ERROR;
				CLANG_WARN_UNREACHABLE_CODE = YES;
				CLANG_WARN__DUPLICATE_METHOD_MATCH = YES;
				"CODE_SIGN_IDENTITY[sdk=iphoneos*]" = "iPhone Developer";
				COPY_PHASE_STRIP = NO;
				DEBUG_INFORMATION_FORMAT = "dwarf-with-dsym";
				ENABLE_NS_ASSERTIONS = NO;
				ENABLE_STRICT_OBJC_MSGSEND = YES;
				GCC_C_LANGUAGE_STANDARD = gnu99;
				GCC_NO_COMMON_BLOCKS = YES;
				GCC_WARN_64_TO_32_BIT_CONVERSION = YES;
				GCC_WARN_ABOUT_RETURN_TYPE = YES_ERROR;
				GCC_WARN_UNDECLARED_SELECTOR = YES;
				GCC_WARN_UNINITIALIZED_AUTOS = YES_AGGRESSIVE;
				GCC_WARN_UNUSED_FUNCTION = YES;
				GCC_WARN_UNUSED_VARIABLE = YES;
				IPHONEOS_DEPLOYMENT_TARGET = 9.3;
				MTL_ENABLE_DEBUG_INFO = NO;
				SDKROOT = iphoneos;
				TARGETED_DEVICE_FAMILY = "1,2";
				VALIDATE_PRODUCT = YES;
			};
			name = Release;
		};
		448506A11D065DE4006F5530 /* Debug */ = {
			isa = XCBuildConfiguration;
			buildSettings = {
				ASSETCATALOG_COMPILER_APPICON_NAME = AppIcon;
				INFOPLIST_FILE = QRCode/Info.plist;
				LD_RUNPATH_SEARCH_PATHS = "$(inherited) @executable_path/Frameworks";
				PRODUCT_BUNDLE_IDENTIFIER = PA.QRCode;
				PRODUCT_NAME = "$(TARGET_NAME)";
			};
			name = Debug;
		};
		448506A21D065DE4006F5530 /* Release */ = {
			isa = XCBuildConfiguration;
			buildSettings = {
				ASSETCATALOG_COMPILER_APPICON_NAME = AppIcon;
				INFOPLIST_FILE = QRCode/Info.plist;
				LD_RUNPATH_SEARCH_PATHS = "$(inherited) @executable_path/Frameworks";
				PRODUCT_BUNDLE_IDENTIFIER = PA.QRCode;
				PRODUCT_NAME = "$(TARGET_NAME)";
			};
			name = Release;
		};
		448506A41D065DE4006F5530 /* Debug */ = {
			isa = XCBuildConfiguration;
			buildSettings = {
				BUNDLE_LOADER = "$(TEST_HOST)";
				INFOPLIST_FILE = QRCodeTests/Info.plist;
				LD_RUNPATH_SEARCH_PATHS = "$(inherited) @executable_path/Frameworks @loader_path/Frameworks";
				PRODUCT_BUNDLE_IDENTIFIER = PA.QRCodeTests;
				PRODUCT_NAME = "$(TARGET_NAME)";
				TEST_HOST = "$(BUILT_PRODUCTS_DIR)/QRCode.app/QRCode";
			};
			name = Debug;
		};
		448506A51D065DE4006F5530 /* Release */ = {
			isa = XCBuildConfiguration;
			buildSettings = {
				BUNDLE_LOADER = "$(TEST_HOST)";
				INFOPLIST_FILE = QRCodeTests/Info.plist;
				LD_RUNPATH_SEARCH_PATHS = "$(inherited) @executable_path/Frameworks @loader_path/Frameworks";
				PRODUCT_BUNDLE_IDENTIFIER = PA.QRCodeTests;
				PRODUCT_NAME = "$(TARGET_NAME)";
				TEST_HOST = "$(BUILT_PRODUCTS_DIR)/QRCode.app/QRCode";
			};
			name = Release;
		};
		448506A71D065DE4006F5530 /* Debug */ = {
			isa = XCBuildConfiguration;
			buildSettings = {
				INFOPLIST_FILE = QRCodeUITests/Info.plist;
				LD_RUNPATH_SEARCH_PATHS = "$(inherited) @executable_path/Frameworks @loader_path/Frameworks";
				PRODUCT_BUNDLE_IDENTIFIER = PA.QRCodeUITests;
				PRODUCT_NAME = "$(TARGET_NAME)";
				TEST_TARGET_NAME = QRCode;
			};
			name = Debug;
		};
		448506A81D065DE4006F5530 /* Release */ = {
			isa = XCBuildConfiguration;
			buildSettings = {
				INFOPLIST_FILE = QRCodeUITests/Info.plist;
				LD_RUNPATH_SEARCH_PATHS = "$(inherited) @executable_path/Frameworks @loader_path/Frameworks";
				PRODUCT_BUNDLE_IDENTIFIER = PA.QRCodeUITests;
				PRODUCT_NAME = "$(TARGET_NAME)";
				TEST_TARGET_NAME = QRCode;
			};
			name = Release;
		};
/* End XCBuildConfiguration section */

/* Begin XCConfigurationList section */
		4485066B1D065DE4006F5530 /* Build configuration list for PBXProject "QRCode" */ = {
			isa = XCConfigurationList;
			buildConfigurations = (
				4485069E1D065DE4006F5530 /* Debug */,
				4485069F1D065DE4006F5530 /* Release */,
			);
			defaultConfigurationIsVisible = 0;
			defaultConfigurationName = Release;
		};
		448506A01D065DE4006F5530 /* Build configuration list for PBXNativeTarget "QRCode" */ = {
			isa = XCConfigurationList;
			buildConfigurations = (
				448506A11D065DE4006F5530 /* Debug */,
				448506A21D065DE4006F5530 /* Release */,
			);
			defaultConfigurationIsVisible = 0;
		};
		448506A31D065DE4006F5530 /* Build configuration list for PBXNativeTarget "QRCodeTests" */ = {
			isa = XCConfigurationList;
			buildConfigurations = (
				448506A41D065DE4006F5530 /* Debug */,
				448506A51D065DE4006F5530 /* Release */,
			);
			defaultConfigurationIsVisible = 0;
		};
		448506A61D065DE4006F5530 /* Build configuration list for PBXNativeTarget "QRCodeUITests" */ = {
			isa = XCConfigurationList;
			buildConfigurations = (
				448506A71D065DE4006F5530 /* Debug */,
				448506A81D065DE4006F5530 /* Release */,
			);
			defaultConfigurationIsVisible = 0;
		};
/* End XCConfigurationList section */

/* Begin XCVersionGroup section */
		4485067F1D065DE4006F5530 /* QRCode.xcdatamodeld */ = {
			isa = XCVersionGroup;
			children = (
				448506801D065DE4006F5530 /* QRCode.xcdatamodel */,
			);
			currentVersion = 448506801D065DE4006F5530 /* QRCode.xcdatamodel */;
			path = QRCode.xcdatamodeld;
			sourceTree = "<group>";
			versionGroupType = wrapper.xcdatamodel;
		};
/* End XCVersionGroup section */
	};
	rootObject = 448506681D065DE4006F5530 /* Project object */;
}
